
Microsoft Visual Studio Solution File, Format Version 12.00
# Visual Studio Version 17
VisualStudioVersion = 17.13.35919.96 d17.13
MinimumVisualStudioVersion = 10.0.40219.1
Project("{FAE04EC0-301F-11D3-BF4B-00C04F79EFBC}") = "Entrega 2 Francisco Osenda", "Entrega 2 Francisco Osenda\Entrega 2 Francisco Osenda.csproj", "{B777006A-6C64-40DF-96F3-1CDEAF3FA066}"
EndProject
Global
	GlobalSection(SolutionConfigurationPlatforms) = preSolution
		Debug|Any CPU = Debug|Any CPU
		Release|Any CPU = Release|Any CPU
	EndGlobalSection
	GlobalSection(ProjectConfigurationPlatforms) = postSolution
		{B777006A-6C64-40DF-96F3-1CDEAF3FA066}.Debug|Any CPU.ActiveCfg = Debug|Any CPU
		{B777006A-6C64-40DF-96F3-1CDEAF3FA066}.Debug|Any CPU.Build.0 = Debug|Any CPU
		{B777006A-6C64-40DF-96F3-1CDEAF3FA066}.Release|Any CPU.ActiveCfg = Release|Any CPU
		{B777006A-6C64-40DF-96F3-1CDEAF3FA066}.Release|Any CPU.Build.0 = Release|Any CPU
	EndGlobalSection
	GlobalSection(SolutionProperties) = preSolution
		HideSolutionNode = FALSE
	EndGlobalSection
	GlobalSection(ExtensibilityGlobals) = postSolution
		SolutionGuid = {288E26F9-E08C-46E8-91FE-010847FDF72B}
	EndGlobalSection
EndGlobal
